
Microsoft Visual Studio Solution File, Format Version 12.00
# Visual Studio Version 17
VisualStudioVersion = 17.6.33815.320
MinimumVisualStudioVersion = 10.0.40219.1
Project("{FAE04EC0-301F-11D3-BF4B-00C04F79EFBC}") = "PedraPapelTesoura", "PedraPapelTesoura\PedraPapelTesoura.csproj", "{71D86E8C-3A37-4A5B-8FCC-A34EE99A6F08}"
EndProject
Global
	GlobalSection(SolutionConfigurationPlatforms) = preSolution
		Debug|Any CPU = Debug|Any CPU
		Release|Any CPU = Release|Any CPU
	EndGlobalSection
	GlobalSection(ProjectConfigurationPlatforms) = postSolution
		{71D86E8C-3A37-4A5B-8FCC-A34EE99A6F08}.Debug|Any CPU.ActiveCfg = Debug|Any CPU
		{71D86E8C-3A37-4A5B-8FCC-A34EE99A6F08}.Debug|Any CPU.Build.0 = Debug|Any CPU
		{71D86E8C-3A37-4A5B-8FCC-A34EE99A6F08}.Release|Any CPU.ActiveCfg = Release|Any CPU
		{71D86E8C-3A37-4A5B-8FCC-A34EE99A6F08}.Release|Any CPU.Build.0 = Release|Any CPU
	EndGlobalSection
	GlobalSection(SolutionProperties) = preSolution
		HideSolutionNode = FALSE
	EndGlobalSection
	GlobalSection(ExtensibilityGlobals) = postSolution
		SolutionGuid = {E917BCA7-0A0F-4150-9FC6-97E65B3346FA}
	EndGlobalSection
EndGlobal
